// !$*UTF8*$!
{
	archiveVersion = 1;
	classes = {
	};
	objectVersion = 50;
	objects = {

/* Begin PBXBuildFile section */
		CEAF636125664FD900B1991C /* AppDelegate.swift in Sources */ = {isa = PBXBuildFile; fileRef = CEAF636025664FD900B1991C /* AppDelegate.swift */; };
		CEAF636325664FD900B1991C /* SceneDelegate.swift in Sources */ = {isa = PBXBuildFile; fileRef = CEAF636225664FD900B1991C /* SceneDelegate.swift */; };
		CEAF636525664FD900B1991C /* VideoUploaderViewController.swift in Sources */ = {isa = PBXBuildFile; fileRef = CEAF636425664FD900B1991C /* VideoUploaderViewController.swift */; };
		CEAF636825664FD900B1991C /* Main.storyboard in Resources */ = {isa = PBXBuildFile; fileRef = CEAF636625664FD900B1991C /* Main.storyboard */; };
		CEAF636A25664FDF00B1991C /* Assets.xcassets in Resources */ = {isa = PBXBuildFile; fileRef = CEAF636925664FDF00B1991C /* Assets.xcassets */; };
		CEAF636D25664FDF00B1991C /* LaunchScreen.storyboard in Resources */ = {isa = PBXBuildFile; fileRef = CEAF636B25664FDF00B1991C /* LaunchScreen.storyboard */; };
/* End PBXBuildFile section */

/* Begin PBXFileReference section */
		CEAF635D25664FD900B1991C /* VideoUPloadAPP.app */ = {isa = PBXFileReference; explicitFileType = wrapper.application; includeInIndex = 0; path = VideoUPloadAPP.app; sourceTree = BUILT_PRODUCTS_DIR; };
		CEAF636025664FD900B1991C /* AppDelegate.swift */ = {isa = PBXFileReference; lastKnownFileType = sourcecode.swift; path = AppDelegate.swift; sourceTree = "<group>"; };
		CEAF636225664FD900B1991C /* SceneDelegate.swift */ = {isa = PBXFileReference; lastKnownFileType = sourcecode.swift; path = SceneDelegate.swift; sourceTree = "<group>"; };
		CEAF636425664FD900B1991C /* VideoUploaderViewController.swift */ = {isa = PBXFileReference; lastKnownFileType = sourcecode.swift; path = VideoUploaderViewController.swift; sourceTree = "<group>"; };
		CEAF636725664FD900B1991C /* Base */ = {isa = PBXFileReference; lastKnownFileType = file.storyboard; name = Base; path = Base.lproj/Main.storyboard; sourceTree = "<group>"; };
		CEAF636925664FDF00B1991C /* Assets.xcassets */ = {isa = PBXFileReference; lastKnownFileType = folder.assetcatalog; path = Assets.xcassets; sourceTree = "<group>"; };
		CEAF636C25664FDF00B1991C /* Base */ = {isa = PBXFileReference; lastKnownFileType = file.storyboard; name = Base; path = Base.lproj/LaunchScreen.storyboard; sourceTree = "<group>"; };
		CEAF636E25664FDF00B1991C /* Info.plist */ = {isa = PBXFileReference; lastKnownFileType = text.plist.xml; path = Info.plist; sourceTree = "<group>"; };
/* End PBXFileReference section */

/* Begin PBXFrameworksBuildPhase section */
		CEAF635A25664FD900B1991C /* Frameworks */ = {
			isa = PBXFrameworksBuildPhase;
			buildActionMask = 2147483647;
			files = (
			);
			runOnlyForDeploymentPostprocessing = 0;
		};
/* End PBXFrameworksBuildPhase section */

/* Begin PBXGroup section */
		CEAF635425664FD900B1991C = {
			isa = PBXGroup;
			children = (
				CEAF635F25664FD900B1991C /* VideoUPloadAPP */,
				CEAF635E25664FD900B1991C /* Products */,
			);
			sourceTree = "<group>";
		};
		CEAF635E25664FD900B1991C /* Products */ = {
			isa = PBXGroup;
			children = (
				CEAF635D25664FD900B1991C /* VideoUPloadAPP.app */,
			);
			name = Products;
			sourceTree = "<group>";
		};
		CEAF635F25664FD900B1991C /* VideoUPloadAPP */ = {
			isa = PBXGroup;
			children = (
				CEAF636025664FD900B1991C /* AppDelegate.swift */,
				CEAF636225664FD900B1991C /* SceneDelegate.swift */,
				CEAF636425664FD900B1991C /* VideoUploaderViewController.swift */,
				CEAF636625664FD900B1991C /* Main.storyboard */,
				CEAF636925664FDF00B1991C /* Assets.xcassets */,
				CEAF636B25664FDF00B1991C /* LaunchScreen.storyboard */,
				CEAF636E25664FDF00B1991C /* Info.plist */,
			);
			path = VideoUPloadAPP;
			sourceTree = "<group>";
		};
/* End PBXGroup section */

/* Begin PBXNativeTarget section */
		CEAF635C25664FD900B1991C /* VideoUPloadAPP */ = {
			isa = PBXNativeTarget;
			buildConfigurationList = CEAF637125664FDF00B1991C /* Build configuration list for PBXNativeTarget "VideoUPloadAPP" */;
			buildPhases = (
				CEAF635925664FD900B1991C /* Sources */,
				CEAF635A25664FD900B1991C /* Frameworks */,
				CEAF635B25664FD900B1991C /* Resources */,
			);
			buildRules = (
			);
			dependencies = (
			);
			name = VideoUPloadAPP;
			productName = VideoUPloadAPP;
			productReference = CEAF635D25664FD900B1991C /* VideoUPloadAPP.app */;
			productType = "com.apple.product-type.application";
		};
/* End PBXNativeTarget section */

/* Begin PBXProject section */
		CEAF635525664FD900B1991C /* Project object */ = {
			isa = PBXProject;
			attributes = {
				LastSwiftUpdateCheck = 1220;
				LastUpgradeCheck = 1220;
				TargetAttributes = {
					CEAF635C25664FD900B1991C = {
						CreatedOnToolsVersion = 12.2;
					};
				};
			};
			buildConfigurationList = CEAF635825664FD900B1991C /* Build configuration list for PBXProject "VideoUPloadAPP" */;
			compatibilityVersion = "Xcode 9.3";
			developmentRegion = en;
			hasScannedForEncodings = 0;
			knownRegions = (
				en,
				Base,
			);
			mainGroup = CEAF635425664FD900B1991C;
			productRefGroup = CEAF635E25664FD900B1991C /* Products */;
			projectDirPath = "";
			projectRoot = "";
			targets = (
				CEAF635C25664FD900B1991C /* VideoUPloadAPP */,
			);
		};
/* End PBXProject section */

/* Begin PBXResourcesBuildPhase section */
		CEAF635B25664FD900B1991C /* Resources */ = {
			isa = PBXResourcesBuildPhase;
			buildActionMask = 2147483647;
			files = (
				CEAF636D25664FDF00B1991C /* LaunchScreen.storyboard in Resources */,
				CEAF636A25664FDF00B1991C /* Assets.xcassets in Resources */,
				CEAF636825664FD900B1991C /* Main.storyboard in Resources */,
			);
			runOnlyForDeploymentPostprocessing = 0;
		};
/* End PBXResourcesBuildPhase section */

/* Begin PBXSourcesBuildPhase section */
		CEAF635925664FD900B1991C /* Sources */ = {
			isa = PBXSourcesBuildPhase;
			buildActionMask = 2147483647;
			files = (
				CEAF636525664FD900B1991C /* VideoUploaderViewController.swift in Sources */,
				CEAF636125664FD900B1991C /* AppDelegate.swift in Sources */,
				CEAF636325664FD900B1991C /* SceneDelegate.swift in Sources */,
			);
			runOnlyForDeploymentPostprocessing = 0;
		};
/* End PBXSourcesBuildPhase section */

/* Begin PBXVariantGroup section */
		CEAF636625664FD900B1991C /* Main.storyboard */ = {
			isa = PBXVariantGroup;
			children = (
				CEAF636725664FD900B1991C /* Base */,
			);
			name = Main.storyboard;
			sourceTree = "<group>";
		};
		CEAF636B25664FDF00B1991C /* LaunchScreen.storyboard */ = {
			isa = PBXVariantGroup;
			children = (
				CEAF636C25664FDF00B1991C /* Base */,
			);
			name = LaunchScreen.storyboard;
			sourceTree = "<group>";
		};
/* End PBXVariantGroup section */

/* Begin XCBuildConfiguration section */
		CEAF636F25664FDF00B1991C /* Debug */ = {
			isa = XCBuildConfiguration;
			buildSettings = {
				ALWAYS_SEARCH_USER_PATHS = NO;
				CLANG_ANALYZER_NONNULL = YES;
				CLANG_ANALYZER_NUMBER_OBJECT_CONVERSION = YES_AGGRESSIVE;
				CLANG_CXX_LANGUAGE_STANDARD = "gnu++14";
				CLANG_CXX_LIBRARY = "libc++";
				CLANG_ENABLE_MODULES = YES;
				CLANG_ENABLE_OBJC_ARC = YES;
				CLANG_ENABLE_OBJC_WEAK = YES;
				CLANG_WARN_BLOCK_CAPTURE_AUTORELEASING = YES;
				CLANG_WARN_BOOL_CONVERSION = YES;
				CLANG_WARN_COMMA = YES;
				CLANG_WARN_CONSTANT_CONVERSION = YES;
				CLANG_WARN_DEPRECATED_OBJC_IMPLEMENTATIONS = YES;
				CLANG_WARN_DIRECT_OBJC_ISA_USAGE = YES_ERROR;
				CLANG_WARN_DOCUMENTATION_COMMENTS = YES;
				CLANG_WARN_EMPTY_BODY = YES;
				CLANG_WARN_ENUM_CONVERSION = YES;
				CLANG_WARN_INFINITE_RECURSION = YES;
				CLANG_WARN_INT_CONVERSION = YES;
				CLANG_WARN_NON_LITERAL_NULL_CONVERSION = YES;
				CLANG_WARN_OBJC_IMPLICIT_RETAIN_SELF = YES;
				CLANG_WARN_OBJC_LITERAL_CONVERSION = YES;
				CLANG_WARN_OBJC_ROOT_CLASS = YES_ERROR;
				CLANG_WARN_QUOTED_INCLUDE_IN_FRAMEWORK_HEADER = YES;
				CLANG_WARN_RANGE_LOOP_ANALYSIS = YES;
				CLANG_WARN_STRICT_PROTOTYPES = YES;
				CLANG_WARN_SUSPICIOUS_MOVE = YES;
				CLANG_WARN_UNGUARDED_AVAILABILITY = YES_AGGRESSIVE;
				CLANG_WARN_UNREACHABLE_CODE = YES;
				CLANG_WARN__DUPLICATE_METHOD_MATCH = YES;
				COPY_PHASE_STRIP = NO;
				DEBUG_INFORMATION_FORMAT = dwarf;
				ENABLE_STRICT_OBJC_MSGSEND = YES;
				ENABLE_TESTABILITY = YES;
				GCC_C_LANGUAGE_STANDARD = gnu11;
				GCC_DYNAMIC_NO_PIC = NO;
				GCC_NO_COMMON_BLOCKS = YES;
				GCC_OPTIMIZATION_LEVEL = 0;
				GCC_PREPROCESSOR_DEFINITIONS = (
					"DEBUG=1",
					"$(inherited)",
				);
				GCC_WARN_64_TO_32_BIT_CONVERSION = YES;
				GCC_WARN_ABOUT_RETURN_TYPE = YES_ERROR;
				GCC_WARN_UNDECLARED_SELECTOR = YES;
				GCC_WARN_UNINITIALIZED_AUTOS = YES_AGGRESSIVE;
				GCC_WARN_UNUSED_FUNCTION = YES;
				GCC_WARN_UNUSED_VARIABLE = YES;
				IPHONEOS_DEPLOYMENT_TARGET = 14.2;
				MTL_ENABLE_DEBUG_INFO = INCLUDE_SOURCE;
				MTL_FAST_MATH = YES;
				ONLY_ACTIVE_ARCH = YES;
				SDKROOT = iphoneos;
				SWIFT_ACTIVE_COMPILATION_CONDITIONS = DEBUG;
				SWIFT_OPTIMIZATION_LEVEL = "-Onone";
			};
			name = Debug;
		};
		CEAF637025664FDF00B1991C /* Release */ = {
			isa = XCBuildConfiguration;
			buildSettings = {
				ALWAYS_SEARCH_USER_PATHS = NO;
				CLANG_ANALYZER_NONNULL = YES;
				CLANG_ANALYZER_NUMBER_OBJECT_CONVERSION = YES_AGGRESSIVE;
				CLANG_CXX_LANGUAGE_STANDARD = "gnu++14";
				CLANG_CXX_LIBRARY = "libc++";
				CLANG_ENABLE_MODULES = YES;
				CLANG_ENABLE_OBJC_ARC = YES;
				CLANG_ENABLE_OBJC_WEAK = YES;
				CLANG_WARN_BLOCK_CAPTURE_AUTORELEASING = YES;
				CLANG_WARN_BOOL_CONVERSION = YES;
				CLANG_WARN_COMMA = YES;
				CLANG_WARN_CONSTANT_CONVERSION = YES;
				CLANG_WARN_DEPRECATED_OBJC_IMPLEMENTATIONS = YES;
				CLANG_WARN_DIRECT_OBJC_ISA_USAGE = YES_ERROR;
				CLANG_WARN_DOCUMENTATION_COMMENTS = YES;
				CLANG_WARN_EMPTY_BODY = YES;
				CLANG_WARN_ENUM_CONVERSION = YES;
				CLANG_WARN_INFINITE_RECURSION = YES;
				CLANG_WARN_INT_CONVERSION = YES;
				CLANG_WARN_NON_LITERAL_NULL_CONVERSION = YES;
				CLANG_WARN_OBJC_IMPLICIT_RETAIN_SELF = YES;
				CLANG_WARN_OBJC_LITERAL_CONVERSION = YES;
				CLANG_WARN_OBJC_ROOT_CLASS = YES_ERROR;
				CLANG_WARN_QUOTED_INCLUDE_IN_FRAMEWORK_HEADER = YES;
				CLANG_WARN_RANGE_LOOP_ANALYSIS = YES;
				CLANG_WARN_STRICT_PROTOTYPES = YES;
				CLANG_WARN_SUSPICIOUS_MOVE = YES;
				CLANG_WARN_UNGUARDED_AVAILABILITY = YES_AGGRESSIVE;
				CLANG_WARN_UNREACHABLE_CODE = YES;
				CLANG_WARN__DUPLICATE_METHOD_MATCH = YES;
				COPY_PHASE_STRIP = NO;
				DEBUG_INFORMATION_FORMAT = "dwarf-with-dsym";
				ENABLE_NS_ASSERTIONS = NO;
				ENABLE_STRICT_OBJC_MSGSEND = YES;
				GCC_C_LANGUAGE_STANDARD = gnu11;
				GCC_NO_COMMON_BLOCKS = YES;
				GCC_WARN_64_TO_32_BIT_CONVERSION = YES;
				GCC_WARN_ABOUT_RETURN_TYPE = YES_ERROR;
				GCC_WARN_UNDECLARED_SELECTOR = YES;
				GCC_WARN_UNINITIALIZED_AUTOS = YES_AGGRESSIVE;
				GCC_WARN_UNUSED_FUNCTION = YES;
				GCC_WARN_UNUSED_VARIABLE = YES;
				IPHONEOS_DEPLOYMENT_TARGET = 14.2;
				MTL_ENABLE_DEBUG_INFO = NO;
				MTL_FAST_MATH = YES;
				SDKROOT = iphoneos;
				SWIFT_COMPILATION_MODE = wholemodule;
				SWIFT_OPTIMIZATION_LEVEL = "-O";
				VALIDATE_PRODUCT = YES;
			};
			name = Release;
		};
		CEAF637225664FDF00B1991C /* Debug */ = {
			isa = XCBuildConfiguration;
			buildSettings = {
				ASSETCATALOG_COMPILER_APPICON_NAME = AppIcon;
				ASSETCATALOG_COMPILER_GLOBAL_ACCENT_COLOR_NAME = AccentColor;
				CODE_SIGN_STYLE = Automatic;
				DEVELOPMENT_TEAM = D453TST7T9;
				INFOPLIST_FILE = VideoUPloadAPP/Info.plist;
				IPHONEOS_DEPLOYMENT_TARGET = 14.1;
				LD_RUNPATH_SEARCH_PATHS = (
					"$(inherited)",
					"@executable_path/Frameworks",
				);
				PRODUCT_BUNDLE_IDENTIFIER = PressTapGameAPP.VideoUPloadAPP;
				PRODUCT_NAME = "$(TARGET_NAME)";
				SWIFT_VERSION = 5.0;
				TARGETED_DEVICE_FAMILY = 1;
			};
			name = Debug;
		};
		CEAF637325664FDF00B1991C /* Release */ = {
			isa = XCBuildConfiguration;
			buildSettings = {
				ASSETCATALOG_COMPILER_APPICON_NAME = AppIcon;
				ASSETCATALOG_COMPILER_GLOBAL_ACCENT_COLOR_NAME = AccentColor;
				CODE_SIGN_STYLE = Automatic;
				DEVELOPMENT_TEAM = D453TST7T9;
				INFOPLIST_FILE = VideoUPloadAPP/Info.plist;
				IPHONEOS_DEPLOYMENT_TARGET = 14.1;
				LD_RUNPATH_SEARCH_PATHS = (
					"$(inherited)",
					"@executable_path/Frameworks",
				);
				PRODUCT_BUNDLE_IDENTIFIER = PressTapGameAPP.VideoUPloadAPP;
				PRODUCT_NAME = "$(TARGET_NAME)";
				SWIFT_VERSION = 5.0;
				TARGETED_DEVICE_FAMILY = 1;
			};
			name = Release;
		};
/* End XCBuildConfiguration section */

/* Begin XCConfigurationList section */
		CEAF635825664FD900B1991C /* Build configuration list for PBXProject "VideoUPloadAPP" */ = {
			isa = XCConfigurationList;
			buildConfigurations = (
				CEAF636F25664FDF00B1991C /* Debug */,
				CEAF637025664FDF00B1991C /* Release */,
			);
			defaultConfigurationIsVisible = 0;
			defaultConfigurationName = Release;
		};
		CEAF637125664FDF00B1991C /* Build configuration list for PBXNativeTarget "VideoUPloadAPP" */ = {
			isa = XCConfigurationList;
			buildConfigurations = (
				CEAF637225664FDF00B1991C /* Debug */,
				CEAF637325664FDF00B1991C /* Release */,
			);
			defaultConfigurationIsVisible = 0;
			defaultConfigurationName = Release;
		};
/* End XCConfigurationList section */
	};
	rootObject = CEAF635525664FD900B1991C /* Project object */;
}
